// !$*UTF8*$!
{
	archiveVersion = 1;
	classes = {
	};
	objectVersion = 50;
	objects = {

/* Begin PBXBuildFile section */
		FB50F6F524D5080700DD7127 /* AppDelegate.m in Sources */ = {isa = PBXBuildFile; fileRef = FB50F6F424D5080700DD7127 /* AppDelegate.m */; };
		FB50F6FB24D5080700DD7127 /* ViewController.m in Sources */ = {isa = PBXBuildFile; fileRef = FB50F6FA24D5080700DD7127 /* ViewController.m */; };
		FB50F6FE24D5080700DD7127 /* Main.storyboard in Resources */ = {isa = PBXBuildFile; fileRef = FB50F6FC24D5080700DD7127 /* Main.storyboard */; };
		FB50F70024D5080800DD7127 /* Assets.xcassets in Resources */ = {isa = PBXBuildFile; fileRef = FB50F6FF24D5080800DD7127 /* Assets.xcassets */; };
		FB50F70324D5080800DD7127 /* LaunchScreen.storyboard in Resources */ = {isa = PBXBuildFile; fileRef = FB50F70124D5080800DD7127 /* LaunchScreen.storyboard */; };
		FB50F70624D5080800DD7127 /* main.m in Sources */ = {isa = PBXBuildFile; fileRef = FB50F70524D5080800DD7127 /* main.m */; };
		FB50F70E24D5099D00DD7127 /* CSView.m in Sources */ = {isa = PBXBuildFile; fileRef = FB50F70D24D5099D00DD7127 /* CSView.m */; };
		FB50F71624D50AC200DD7127 /* GLESUtils.m in Sources */ = {isa = PBXBuildFile; fileRef = FB50F71024D50AC200DD7127 /* GLESUtils.m */; };
		FB50F71724D50AC200DD7127 /* GLESMath.c in Sources */ = {isa = PBXBuildFile; fileRef = FB50F71224D50AC200DD7127 /* GLESMath.c */; };
		FB50F71924D50FEE00DD7127 /* shaderv.glsl in Resources */ = {isa = PBXBuildFile; fileRef = FB50F71824D50FEE00DD7127 /* shaderv.glsl */; };
		FB50F71B24D5100400DD7127 /* shaderf.glsl in Resources */ = {isa = PBXBuildFile; fileRef = FB50F71A24D5100400DD7127 /* shaderf.glsl */; };
		FB8D538824D5561500E0703D /* xiannv.jpg in Resources */ = {isa = PBXBuildFile; fileRef = FB8D538724D5561500E0703D /* xiannv.jpg */; };
/* End PBXBuildFile section */

/* Begin PBXFileReference section */
		FB50F6F024D5080700DD7127 /* GLSL_Pyramid.app */ = {isa = PBXFileReference; explicitFileType = wrapper.application; includeInIndex = 0; path = GLSL_Pyramid.app; sourceTree = BUILT_PRODUCTS_DIR; };
		FB50F6F324D5080700DD7127 /* AppDelegate.h */ = {isa = PBXFileReference; lastKnownFileType = sourcecode.c.h; path = AppDelegate.h; sourceTree = "<group>"; };
		FB50F6F424D5080700DD7127 /* AppDelegate.m */ = {isa = PBXFileReference; lastKnownFileType = sourcecode.c.objc; path = AppDelegate.m; sourceTree = "<group>"; };
		FB50F6F924D5080700DD7127 /* ViewController.h */ = {isa = PBXFileReference; lastKnownFileType = sourcecode.c.h; path = ViewController.h; sourceTree = "<group>"; };
		FB50F6FA24D5080700DD7127 /* ViewController.m */ = {isa = PBXFileReference; lastKnownFileType = sourcecode.c.objc; path = ViewController.m; sourceTree = "<group>"; };
		FB50F6FD24D5080700DD7127 /* Base */ = {isa = PBXFileReference; lastKnownFileType = file.storyboard; name = Base; path = Base.lproj/Main.storyboard; sourceTree = "<group>"; };
		FB50F6FF24D5080800DD7127 /* Assets.xcassets */ = {isa = PBXFileReference; lastKnownFileType = folder.assetcatalog; path = Assets.xcassets; sourceTree = "<group>"; };
		FB50F70224D5080800DD7127 /* Base */ = {isa = PBXFileReference; lastKnownFileType = file.storyboard; name = Base; path = Base.lproj/LaunchScreen.storyboard; sourceTree = "<group>"; };
		FB50F70424D5080800DD7127 /* Info.plist */ = {isa = PBXFileReference; lastKnownFileType = text.plist.xml; path = Info.plist; sourceTree = "<group>"; };
		FB50F70524D5080800DD7127 /* main.m */ = {isa = PBXFileReference; lastKnownFileType = sourcecode.c.objc; path = main.m; sourceTree = "<group>"; };
		FB50F70C24D5099D00DD7127 /* CSView.h */ = {isa = PBXFileReference; lastKnownFileType = sourcecode.c.h; path = CSView.h; sourceTree = "<group>"; };
		FB50F70D24D5099D00DD7127 /* CSView.m */ = {isa = PBXFileReference; lastKnownFileType = sourcecode.c.objc; path = CSView.m; sourceTree = "<group>"; };
		FB50F71024D50AC200DD7127 /* GLESUtils.m */ = {isa = PBXFileReference; fileEncoding = 4; lastKnownFileType = sourcecode.c.objc; path = GLESUtils.m; sourceTree = "<group>"; };
		FB50F71124D50AC200DD7127 /* Quaternion.h */ = {isa = PBXFileReference; fileEncoding = 4; lastKnownFileType = sourcecode.c.h; path = Quaternion.h; sourceTree = "<group>"; };
		FB50F71224D50AC200DD7127 /* GLESMath.c */ = {isa = PBXFileReference; fileEncoding = 4; lastKnownFileType = sourcecode.c.c; path = GLESMath.c; sourceTree = "<group>"; };
		FB50F71324D50AC200DD7127 /* GLESUtils.h */ = {isa = PBXFileReference; fileEncoding = 4; lastKnownFileType = sourcecode.c.h; path = GLESUtils.h; sourceTree = "<group>"; };
		FB50F71424D50AC200DD7127 /* Vector.h */ = {isa = PBXFileReference; fileEncoding = 4; lastKnownFileType = sourcecode.c.h; path = Vector.h; sourceTree = "<group>"; };
		FB50F71524D50AC200DD7127 /* GLESMath.h */ = {isa = PBXFileReference; fileEncoding = 4; lastKnownFileType = sourcecode.c.h; path = GLESMath.h; sourceTree = "<group>"; };
		FB50F71824D50FEE00DD7127 /* shaderv.glsl */ = {isa = PBXFileReference; lastKnownFileType = text; path = shaderv.glsl; sourceTree = "<group>"; };
		FB50F71A24D5100400DD7127 /* shaderf.glsl */ = {isa = PBXFileReference; lastKnownFileType = text; path = shaderf.glsl; sourceTree = "<group>"; };
		FB8D538724D5561500E0703D /* xiannv.jpg */ = {isa = PBXFileReference; lastKnownFileType = image.jpeg; path = xiannv.jpg; sourceTree = "<group>"; };
/* End PBXFileReference section */

/* Begin PBXFrameworksBuildPhase section */
		FB50F6ED24D5080700DD7127 /* Frameworks */ = {
			isa = PBXFrameworksBuildPhase;
			buildActionMask = 2147483647;
			files = (
			);
			runOnlyForDeploymentPostprocessing = 0;
		};
/* End PBXFrameworksBuildPhase section */

/* Begin PBXGroup section */
		FB50F6E724D5080700DD7127 = {
			isa = PBXGroup;
			children = (
				FB50F6F224D5080700DD7127 /* GLSL_Pyramid */,
				FB50F6F124D5080700DD7127 /* Products */,
			);
			sourceTree = "<group>";
		};
		FB50F6F124D5080700DD7127 /* Products */ = {
			isa = PBXGroup;
			children = (
				FB50F6F024D5080700DD7127 /* GLSL_Pyramid.app */,
			);
			name = Products;
			sourceTree = "<group>";
		};
		FB50F6F224D5080700DD7127 /* GLSL_Pyramid */ = {
			isa = PBXGroup;
			children = (
				FB50F70F24D50AC200DD7127 /* Utils */,
				FB50F6F324D5080700DD7127 /* AppDelegate.h */,
				FB50F6F424D5080700DD7127 /* AppDelegate.m */,
				FB50F6F924D5080700DD7127 /* ViewController.h */,
				FB50F6FA24D5080700DD7127 /* ViewController.m */,
				FB50F70C24D5099D00DD7127 /* CSView.h */,
				FB50F70D24D5099D00DD7127 /* CSView.m */,
				FB50F71824D50FEE00DD7127 /* shaderv.glsl */,
				FB50F71A24D5100400DD7127 /* shaderf.glsl */,
				FB8D538724D5561500E0703D /* xiannv.jpg */,
				FB50F6FC24D5080700DD7127 /* Main.storyboard */,
				FB50F6FF24D5080800DD7127 /* Assets.xcassets */,
				FB50F70124D5080800DD7127 /* LaunchScreen.storyboard */,
				FB50F70424D5080800DD7127 /* Info.plist */,
				FB50F70524D5080800DD7127 /* main.m */,
			);
			path = GLSL_Pyramid;
			sourceTree = "<group>";
		};
		FB50F70F24D50AC200DD7127 /* Utils */ = {
			isa = PBXGroup;
			children = (
				FB50F71024D50AC200DD7127 /* GLESUtils.m */,
				FB50F71124D50AC200DD7127 /* Quaternion.h */,
				FB50F71224D50AC200DD7127 /* GLESMath.c */,
				FB50F71324D50AC200DD7127 /* GLESUtils.h */,
				FB50F71424D50AC200DD7127 /* Vector.h */,
				FB50F71524D50AC200DD7127 /* GLESMath.h */,
			);
			path = Utils;
			sourceTree = "<group>";
		};
/* End PBXGroup section */

/* Begin PBXNativeTarget section */
		FB50F6EF24D5080700DD7127 /* GLSL_Pyramid */ = {
			isa = PBXNativeTarget;
			buildConfigurationList = FB50F70924D5080800DD7127 /* Build configuration list for PBXNativeTarget "GLSL_Pyramid" */;
			buildPhases = (
				FB50F6EC24D5080700DD7127 /* Sources */,
				FB50F6ED24D5080700DD7127 /* Frameworks */,
				FB50F6EE24D5080700DD7127 /* Resources */,
			);
			buildRules = (
			);
			dependencies = (
			);
			name = GLSL_Pyramid;
			productName = GLSL_Pyramid;
			productReference = FB50F6F024D5080700DD7127 /* GLSL_Pyramid.app */;
			productType = "com.apple.product-type.application";
		};
/* End PBXNativeTarget section */

/* Begin PBXProject section */
		FB50F6E824D5080700DD7127 /* Project object */ = {
			isa = PBXProject;
			attributes = {
				LastUpgradeCheck = 1150;
				ORGANIZATIONNAME = com.sanqi.net;
				TargetAttributes = {
					FB50F6EF24D5080700DD7127 = {
						CreatedOnToolsVersion = 11.5;
					};
				};
			};
			buildConfigurationList = FB50F6EB24D5080700DD7127 /* Build configuration list for PBXProject "GLSL_Pyramid" */;
			compatibilityVersion = "Xcode 9.3";
			developmentRegion = en;
			hasScannedForEncodings = 0;
			knownRegions = (
				en,
				Base,
			);
			mainGroup = FB50F6E724D5080700DD7127;
			productRefGroup = FB50F6F124D5080700DD7127 /* Products */;
			projectDirPath = "";
			projectRoot = "";
			targets = (
				FB50F6EF24D5080700DD7127 /* GLSL_Pyramid */,
			);
		};
/* End PBXProject section */

/* Begin PBXResourcesBuildPhase section */
		FB50F6EE24D5080700DD7127 /* Resources */ = {
			isa = PBXResourcesBuildPhase;
			buildActionMask = 2147483647;
			files = (
				FB50F70324D5080800DD7127 /* LaunchScreen.storyboard in Resources */,
				FB8D538824D5561500E0703D /* xiannv.jpg in Resources */,
				FB50F71924D50FEE00DD7127 /* shaderv.glsl in Resources */,
				FB50F70024D5080800DD7127 /* Assets.xcassets in Resources */,
				FB50F6FE24D5080700DD7127 /* Main.storyboard in Resources */,
				FB50F71B24D5100400DD7127 /* shaderf.glsl in Resources */,
			);
			runOnlyForDeploymentPostprocessing = 0;
		};
/* End PBXResourcesBuildPhase section */

/* Begin PBXSourcesBuildPhase section */
		FB50F6EC24D5080700DD7127 /* Sources */ = {
			isa = PBXSourcesBuildPhase;
			buildActionMask = 2147483647;
			files = (
				FB50F70E24D5099D00DD7127 /* CSView.m in Sources */,
				FB50F6FB24D5080700DD7127 /* ViewController.m in Sources */,
				FB50F71624D50AC200DD7127 /* GLESUtils.m in Sources */,
				FB50F6F524D5080700DD7127 /* AppDelegate.m in Sources */,
				FB50F71724D50AC200DD7127 /* GLESMath.c in Sources */,
				FB50F70624D5080800DD7127 /* main.m in Sources */,
			);
			runOnlyForDeploymentPostprocessing = 0;
		};
/* End PBXSourcesBuildPhase section */

/* Begin PBXVariantGroup section */
		FB50F6FC24D5080700DD7127 /* Main.storyboard */ = {
			isa = PBXVariantGroup;
			children = (
				FB50F6FD24D5080700DD7127 /* Base */,
			);
			name = Main.storyboard;
			sourceTree = "<group>";
		};
		FB50F70124D5080800DD7127 /* LaunchScreen.storyboard */ = {
			isa = PBXVariantGroup;
			children = (
				FB50F70224D5080800DD7127 /* Base */,
			);
			name = LaunchScreen.storyboard;
			sourceTree = "<group>";
		};
/* End PBXVariantGroup section */

/* Begin XCBuildConfiguration section */
		FB50F70724D5080800DD7127 /* Debug */ = {
			isa = XCBuildConfiguration;
			buildSettings = {
				ALWAYS_SEARCH_USER_PATHS = NO;
				CLANG_ANALYZER_NONNULL = YES;
				CLANG_ANALYZER_NUMBER_OBJECT_CONVERSION = YES_AGGRESSIVE;
				CLANG_CXX_LANGUAGE_STANDARD = "gnu++14";
				CLANG_CXX_LIBRARY = "libc++";
				CLANG_ENABLE_MODULES = YES;
				CLANG_ENABLE_OBJC_ARC = YES;
				CLANG_ENABLE_OBJC_WEAK = YES;
				CLANG_WARN_BLOCK_CAPTURE_AUTORELEASING = YES;
				CLANG_WARN_BOOL_CONVERSION = YES;
				CLANG_WARN_COMMA = YES;
				CLANG_WARN_CONSTANT_CONVERSION = YES;
				CLANG_WARN_DEPRECATED_OBJC_IMPLEMENTATIONS = YES;
				CLANG_WARN_DIRECT_OBJC_ISA_USAGE = YES_ERROR;
				CLANG_WARN_DOCUMENTATION_COMMENTS = YES;
				CLANG_WARN_EMPTY_BODY = YES;
				CLANG_WARN_ENUM_CONVERSION = YES;
				CLANG_WARN_INFINITE_RECURSION = YES;
				CLANG_WARN_INT_CONVERSION = YES;
				CLANG_WARN_NON_LITERAL_NULL_CONVERSION = YES;
				CLANG_WARN_OBJC_IMPLICIT_RETAIN_SELF = YES;
				CLANG_WARN_OBJC_LITERAL_CONVERSION = YES;
				CLANG_WARN_OBJC_ROOT_CLASS = YES_ERROR;
				CLANG_WARN_RANGE_LOOP_ANALYSIS = YES;
				CLANG_WARN_STRICT_PROTOTYPES = YES;
				CLANG_WARN_SUSPICIOUS_MOVE = YES;
				CLANG_WARN_UNGUARDED_AVAILABILITY = YES_AGGRESSIVE;
				CLANG_WARN_UNREACHABLE_CODE = YES;
				CLANG_WARN__DUPLICATE_METHOD_MATCH = YES;
				COPY_PHASE_STRIP = NO;
				DEBUG_INFORMATION_FORMAT = dwarf;
				ENABLE_STRICT_OBJC_MSGSEND = YES;
				ENABLE_TESTABILITY = YES;
				GCC_C_LANGUAGE_STANDARD = gnu11;
				GCC_DYNAMIC_NO_PIC = NO;
				GCC_NO_COMMON_BLOCKS = YES;
				GCC_OPTIMIZATION_LEVEL = 0;
				GCC_PREPROCESSOR_DEFINITIONS = (
					"DEBUG=1",
					"$(inherited)",
				);
				GCC_WARN_64_TO_32_BIT_CONVERSION = YES;
				GCC_WARN_ABOUT_RETURN_TYPE = YES_ERROR;
				GCC_WARN_UNDECLARED_SELECTOR = YES;
				GCC_WARN_UNINITIALIZED_AUTOS = YES_AGGRESSIVE;
				GCC_WARN_UNUSED_FUNCTION = YES;
				GCC_WARN_UNUSED_VARIABLE = YES;
				IPHONEOS_DEPLOYMENT_TARGET = 13.5;
				MTL_ENABLE_DEBUG_INFO = INCLUDE_SOURCE;
				MTL_FAST_MATH = YES;
				ONLY_ACTIVE_ARCH = YES;
				SDKROOT = iphoneos;
			};
			name = Debug;
		};
		FB50F70824D5080800DD7127 /* Release */ = {
			isa = XCBuildConfiguration;
			buildSettings = {
				ALWAYS_SEARCH_USER_PATHS = NO;
				CLANG_ANALYZER_NONNULL = YES;
				CLANG_ANALYZER_NUMBER_OBJECT_CONVERSION = YES_AGGRESSIVE;
				CLANG_CXX_LANGUAGE_STANDARD = "gnu++14";
				CLANG_CXX_LIBRARY = "libc++";
				CLANG_ENABLE_MODULES = YES;
				CLANG_ENABLE_OBJC_ARC = YES;
				CLANG_ENABLE_OBJC_WEAK = YES;
				CLANG_WARN_BLOCK_CAPTURE_AUTORELEASING = YES;
				CLANG_WARN_BOOL_CONVERSION = YES;
				CLANG_WARN_COMMA = YES;
				CLANG_WARN_CONSTANT_CONVERSION = YES;
				CLANG_WARN_DEPRECATED_OBJC_IMPLEMENTATIONS = YES;
				CLANG_WARN_DIRECT_OBJC_ISA_USAGE = YES_ERROR;
				CLANG_WARN_DOCUMENTATION_COMMENTS = YES;
				CLANG_WARN_EMPTY_BODY = YES;
				CLANG_WARN_ENUM_CONVERSION = YES;
				CLANG_WARN_INFINITE_RECURSION = YES;
				CLANG_WARN_INT_CONVERSION = YES;
				CLANG_WARN_NON_LITERAL_NULL_CONVERSION = YES;
				CLANG_WARN_OBJC_IMPLICIT_RETAIN_SELF = YES;
				CLANG_WARN_OBJC_LITERAL_CONVERSION = YES;
				CLANG_WARN_OBJC_ROOT_CLASS = YES_ERROR;
				CLANG_WARN_RANGE_LOOP_ANALYSIS = YES;
				CLANG_WARN_STRICT_PROTOTYPES = YES;
				CLANG_WARN_SUSPICIOUS_MOVE = YES;
				CLANG_WARN_UNGUARDED_AVAILABILITY = YES_AGGRESSIVE;
				CLANG_WARN_UNREACHABLE_CODE = YES;
				CLANG_WARN__DUPLICATE_METHOD_MATCH = YES;
				COPY_PHASE_STRIP = NO;
				DEBUG_INFORMATION_FORMAT = "dwarf-with-dsym";
				ENABLE_NS_ASSERTIONS = NO;
				ENABLE_STRICT_OBJC_MSGSEND = YES;
				GCC_C_LANGUAGE_STANDARD = gnu11;
				GCC_NO_COMMON_BLOCKS = YES;
				GCC_WARN_64_TO_32_BIT_CONVERSION = YES;
				GCC_WARN_ABOUT_RETURN_TYPE = YES_ERROR;
				GCC_WARN_UNDECLARED_SELECTOR = YES;
				GCC_WARN_UNINITIALIZED_AUTOS = YES_AGGRESSIVE;
				GCC_WARN_UNUSED_FUNCTION = YES;
				GCC_WARN_UNUSED_VARIABLE = YES;
				IPHONEOS_DEPLOYMENT_TARGET = 13.5;
				MTL_ENABLE_DEBUG_INFO = NO;
				MTL_FAST_MATH = YES;
				SDKROOT = iphoneos;
				VALIDATE_PRODUCT = YES;
			};
			name = Release;
		};
		FB50F70A24D5080800DD7127 /* Debug */ = {
			isa = XCBuildConfiguration;
			buildSettings = {
				ASSETCATALOG_COMPILER_APPICON_NAME = AppIcon;
				CODE_SIGN_STYLE = Automatic;
				DEVELOPMENT_TEAM = 3HFLL2Y73J;
				INFOPLIST_FILE = GLSL_Pyramid/Info.plist;
				IPHONEOS_DEPLOYMENT_TARGET = 11.0;
				LD_RUNPATH_SEARCH_PATHS = (
					"$(inherited)",
					"@executable_path/Frameworks",
				);
				PRODUCT_BUNDLE_IDENTIFIER = "com.jygame.gk.GLSL-Pyramid";
				PRODUCT_NAME = "$(TARGET_NAME)";
				TARGETED_DEVICE_FAMILY = "1,2";
			};
			name = Debug;
		};
		FB50F70B24D5080800DD7127 /* Release */ = {
			isa = XCBuildConfiguration;
			buildSettings = {
				ASSETCATALOG_COMPILER_APPICON_NAME = AppIcon;
				CODE_SIGN_STYLE = Automatic;
				DEVELOPMENT_TEAM = 3HFLL2Y73J;
				INFOPLIST_FILE = GLSL_Pyramid/Info.plist;
				IPHONEOS_DEPLOYMENT_TARGET = 11.0;
				LD_RUNPATH_SEARCH_PATHS = (
					"$(inherited)",
					"@executable_path/Frameworks",
				);
				PRODUCT_BUNDLE_IDENTIFIER = "com.jygame.gk.GLSL-Pyramid";
				PRODUCT_NAME = "$(TARGET_NAME)";
				TARGETED_DEVICE_FAMILY = "1,2";
			};
			name = Release;
		};
/* End XCBuildConfiguration section */

/* Begin XCConfigurationList section */
		FB50F6EB24D5080700DD7127 /* Build configuration list for PBXProject "GLSL_Pyramid" */ = {
			isa = XCConfigurationList;
			buildConfigurations = (
				FB50F70724D5080800DD7127 /* Debug */,
				FB50F70824D5080800DD7127 /* Release */,
			);
			defaultConfigurationIsVisible = 0;
			defaultConfigurationName = Release;
		};
		FB50F70924D5080800DD7127 /* Build configuration list for PBXNativeTarget "GLSL_Pyramid" */ = {
			isa = XCConfigurationList;
			buildConfigurations = (
				FB50F70A24D5080800DD7127 /* Debug */,
				FB50F70B24D5080800DD7127 /* Release */,
			);
			defaultConfigurationIsVisible = 0;
			defaultConfigurationName = Release;
		};
/* End XCConfigurationList section */
	};
	rootObject = FB50F6E824D5080700DD7127 /* Project object */;
}
